{
  "name": "gyl-admin-subscriber-delete",
  "version": "0.5.0",
  "lockfileVersion": 1,
  "requires": true,
  "dependencies": {
    "query-all-for-dynamodb": {
      "version": "0.0.2",
      "resolved": "https://registry.npmjs.org/query-all-for-dynamodb/-/query-all-for-dynamodb-0.0.2.tgz",
      "integrity": "sha512-BMICofeqajwVrltPNzQ1AbG/8PIZFm+h0lXBAXEp5qE1VTiL/dZG6E3ZJwcksHAo0xsxdm8Fang3YxJB+Ke2BA=="
    },
    "write-all-for-dynamodb": {
      "version": "0.0.3",
      "resolved": "https://registry.npmjs.org/write-all-for-dynamodb/-/write-all-for-dynamodb-0.0.3.tgz",
      "integrity": "sha512-y2gRxgXPyUEFoF7aw7U7RsCqVo06lEBRe6yxlGSnP63VV0LW0g8aamZq3dLuJ5ajGhOk2HycLKg9clrQh/ETIA=="
    }
  }
}
