# THIS IS AN AUTOGENERATED FILE. DO NOT EDIT THIS FILE DIRECTLY.
# yarn lockfile v1


dynopromise-client@^0.2.0:
  version "0.2.0"
  resolved "https://registry.yarnpkg.com/dynopromise-client/-/dynopromise-client-0.2.0.tgz#74a0d3ac2cd52a8d804280a8c4b2d5263e78eb0c"
  integrity sha512-KJhPOWsFXStJm8n/toVGmBHnXpZkiKqZAuHK7Nat4HyW0zDgEvH5KXtjnndd/GLJrzzM08HNju6mMUrnQiv1nw==

moment-timezone@^0.5.26:
  version "0.5.26"
  resolved "https://registry.yarnpkg.com/moment-timezone/-/moment-timezone-0.5.26.tgz#c0267ca09ae84631aa3dc33f65bedbe6e8e0d772"
  integrity sha512-sFP4cgEKTCymBBKgoxZjYzlSovC20Y6J7y3nanDc5RoBIXKlZhoYwBoZGe3flwU6A372AcRwScH8KiwV6zjy1g==
  dependencies:
    moment ">= 2.9.0"

"moment@>= 2.9.0":
  version "2.24.0"
  resolved "https://registry.yarnpkg.com/moment/-/moment-2.24.0.tgz#0d055d53f5052aa653c9f6eb68bb5d12bf5c2b5b"
  integrity sha512-bV7f+6l2QigeBBZSM/6yTNq4P2fNpSWj/0e7jQcy87A8e7o2nAfP/34/2ky5Vw4B9S446EtIhodAzkFCcR4dQg==
