{
	"name": "gyl-admin-subscriber-email-post",
	"version": "0.4.1",
	"lockfileVersion": 1,
	"requires": true,
	"dependencies": {
		"@hapi/hoek": {
			"version": "9.2.0",
			"resolved": "https://registry.npmjs.org/@hapi/hoek/-/hoek-9.2.0.tgz",
			"integrity": "sha512-sqKVVVOe5ivCaXDWivIJYVSaEgdQK9ul7a4Kity5Iw7u9+wBAPbX1RMSnLLmp7O4Vzj0WOWwMAJsTL00xwaNug=="
		},
		"@hapi/topo": {
			"version": "5.0.0",
			"resolved": "https://registry.npmjs.org/@hapi/topo/-/topo-5.0.0.tgz",
			"integrity": "sha512-tFJlT47db0kMqVm3H4nQYgn6Pwg10GTZHb1pwmSiv1K4ks6drQOtfEF5ZnPjkvC+y4/bUPHK+bc87QvLcL+WMw==",
			"requires": {
				"@hapi/hoek": "^9.0.0"
			}
		},
		"@sideway/address": {
			"version": "4.1.1",
			"resolved": "https://registry.npmjs.org/@sideway/address/-/address-4.1.1.tgz",
			"integrity": "sha512-+I5aaQr3m0OAmMr7RQ3fR9zx55sejEYR2BFJaxL+zT3VM2611X0SHvPWIbAUBZVTn/YzYKbV8gJ2oT/QELknfQ==",
			"requires": {
				"@hapi/hoek": "^9.0.0"
			}
		},
		"@sideway/formula": {
			"version": "3.0.0",
			"resolved": "https://registry.npmjs.org/@sideway/formula/-/formula-3.0.0.tgz",
			"integrity": "sha512-vHe7wZ4NOXVfkoRb8T5otiENVlT7a3IAiw7H5M2+GO+9CDgcVUUsX1zalAztCmwyOr2RUTGJdgB+ZvSVqmdHmg=="
		},
		"@sideway/pinpoint": {
			"version": "2.0.0",
			"resolved": "https://registry.npmjs.org/@sideway/pinpoint/-/pinpoint-2.0.0.tgz",
			"integrity": "sha512-RNiOoTPkptFtSVzQevY/yWtZwf/RxyVnPy/OcA9HBM3MlGDnBEYL5B41H0MTn0Uec8Hi+2qUtTfG2WWZBmMejQ=="
		},
		"eventemitter3": {
			"version": "4.0.7",
			"resolved": "https://registry.npmjs.org/eventemitter3/-/eventemitter3-4.0.7.tgz",
			"integrity": "sha512-8guHBZCwKnFhYdHr2ysuRWErTwhoN2X8XELRlrRwpmfeY2jjuUN4taQMsULKUVo1K4DvZl+0pgfyoysHxvmvEw=="
		},
		"joi": {
			"version": "17.4.0",
			"resolved": "https://registry.npmjs.org/joi/-/joi-17.4.0.tgz",
			"integrity": "sha512-F4WiW2xaV6wc1jxete70Rw4V/VuMd6IN+a5ilZsxG4uYtUXWu2kq9W5P2dz30e7Gmw8RCbY/u/uk+dMPma9tAg==",
			"requires": {
				"@hapi/hoek": "^9.0.0",
				"@hapi/topo": "^5.0.0",
				"@sideway/address": "^4.1.0",
				"@sideway/formula": "^3.0.0",
				"@sideway/pinpoint": "^2.0.0"
			}
		},
		"p-finally": {
			"version": "1.0.0",
			"resolved": "https://registry.npmjs.org/p-finally/-/p-finally-1.0.0.tgz",
			"integrity": "sha1-P7z7FbiZpEEjs0ttzBi3JDNqLK4="
		},
		"p-queue": {
			"version": "6.6.2",
			"resolved": "https://registry.npmjs.org/p-queue/-/p-queue-6.6.2.tgz",
			"integrity": "sha512-RwFpb72c/BhQLEXIZ5K2e+AhgNVmIejGlTgiB9MzZ0e93GRvqZ7uSi0dvRF7/XIXDeNkra2fNHBxTyPDGySpjQ==",
			"requires": {
				"eventemitter3": "^4.0.4",
				"p-timeout": "^3.2.0"
			}
		},
		"p-timeout": {
			"version": "3.2.0",
			"resolved": "https://registry.npmjs.org/p-timeout/-/p-timeout-3.2.0.tgz",
			"integrity": "sha512-rhIwUycgwwKcP9yTOOFK/AKsAopjjCakVqLHePO3CC6Mir1Z99xT+R63jZxAT5lFZLa2inS5h+ZS2GvR99/FBg==",
			"requires": {
				"p-finally": "^1.0.0"
			}
		},
		"query-all-for-dynamodb": {
			"version": "0.0.2",
			"resolved": "https://registry.npmjs.org/query-all-for-dynamodb/-/query-all-for-dynamodb-0.0.2.tgz",
			"integrity": "sha512-BMICofeqajwVrltPNzQ1AbG/8PIZFm+h0lXBAXEp5qE1VTiL/dZG6E3ZJwcksHAo0xsxdm8Fang3YxJB+Ke2BA=="
		},
		"write-all-for-dynamodb": {
			"version": "0.0.3",
			"resolved": "https://registry.npmjs.org/write-all-for-dynamodb/-/write-all-for-dynamodb-0.0.3.tgz",
			"integrity": "sha512-y2gRxgXPyUEFoF7aw7U7RsCqVo06lEBRe6yxlGSnP63VV0LW0g8aamZq3dLuJ5ajGhOk2HycLKg9clrQh/ETIA=="
		}
	}
}
