{
  "name": "gyl-admin-subscriber-remove-queue-items",
  "version": "0.0.1",
  "lockfileVersion": 1,
  "requires": true,
  "dependencies": {
    "full-query-for-dynamodb": {
      "version": "0.0.1",
      "resolved": "https://registry.npmjs.org/full-query-for-dynamodb/-/full-query-for-dynamodb-0.0.1.tgz",
      "integrity": "sha512-+Lb7J6tdYXs69MbRZHCETuLN88KPJlfdwAuC4HpP1qUdCjqou1AkVB/cTUA99u1fhkjicFFkFhWU9tq3Ri0c6w=="
    }
  }
}
